
Microsoft Visual Studio Solution File, Format Version 12.00
# Visual Studio Version 16
VisualStudioVersion = 16.0.29911.84
MinimumVisualStudioVersion = 10.0.40219.1
Project("{FAE04EC0-301F-11D3-BF4B-00C04F79EFBC}") = "Cw1", "Cw1.csproj", "{16DD3CDF-6BDF-4083-AF7A-F51E7EA2CE7B}"
EndProject
Global
	GlobalSection(SolutionConfigurationPlatforms) = preSolution
		Debug|Any CPU = Debug|Any CPU
		Release|Any CPU = Release|Any CPU
	EndGlobalSection
	GlobalSection(ProjectConfigurationPlatforms) = postSolution
		{16DD3CDF-6BDF-4083-AF7A-F51E7EA2CE7B}.Debug|Any CPU.ActiveCfg = Debug|Any CPU
		{16DD3CDF-6BDF-4083-AF7A-F51E7EA2CE7B}.Debug|Any CPU.Build.0 = Debug|Any CPU
		{16DD3CDF-6BDF-4083-AF7A-F51E7EA2CE7B}.Release|Any CPU.ActiveCfg = Release|Any CPU
		{16DD3CDF-6BDF-4083-AF7A-F51E7EA2CE7B}.Release|Any CPU.Build.0 = Release|Any CPU
	EndGlobalSection
	GlobalSection(SolutionProperties) = preSolution
		HideSolutionNode = FALSE
	EndGlobalSection
	GlobalSection(ExtensibilityGlobals) = postSolution
		SolutionGuid = {CE3F70A1-1146-43FD-B65F-0BDCF83EBF8A}
	EndGlobalSection
EndGlobal
